
Microsoft Visual Studio Solution File, Format Version 12.00
# Visual Studio Version 17
VisualStudioVersion = 17.5.33516.290
MinimumVisualStudioVersion = 10.0.40219.1
Project("{FAE04EC0-301F-11D3-BF4B-00C04F79EFBC}") = "PORLA.HMI.Main", "PORLA.HMI.Main\PORLA.HMI.Main.csproj", "{7095D683-A5CC-453B-8E99-59A8D35CC06B}"
EndProject
Project("{FAE04EC0-301F-11D3-BF4B-00C04F79EFBC}") = "PORLA.HMI.Module", "PORLA.HMI.Module\PORLA.HMI.Module.csproj", "{64BF8667-0E66-4FA8-A705-1D67FAEFBA85}"
EndProject
Project("{FAE04EC0-301F-11D3-BF4B-00C04F79EFBC}") = "PORLA.HMI.Service", "PORLA.HMI.Service\PORLA.HMI.Service.csproj", "{4DA62AF1-9DF0-4863-982C-7D1646B3C33B}"
EndProject
Project("{FAE04EC0-301F-11D3-BF4B-00C04F79EFBC}") = "POLAR.CompositeAppCommand", "POLAR.CompositeAppCommand\POLAR.CompositeAppCommand.csproj", "{D64F2764-5FB7-4179-9DD6-D7BA5FE31706}"
EndProject
Project("{FAE04EC0-301F-11D3-BF4B-00C04F79EFBC}") = "POLAR.EventAggregator", "POLAR.EventAggregator\POLAR.EventAggregator.csproj", "{174AD0F6-D4C4-4D00-9816-6218A86AB5AD}"
EndProject
Project("{FAE04EC0-301F-11D3-BF4B-00C04F79EFBC}") = "POLAR.ModelAggregator", "POLAR.ModelAggregator\POLAR.ModelAggregator.csproj", "{39328A91-E03B-4624-9617-4F9AF1F6B544}"
EndProject
Project("{FAE04EC0-301F-11D3-BF4B-00C04F79EFBC}") = "POLAR.PrecitecControl", "POLAR.PrecitecControl\POLAR.PrecitecControl.csproj", "{16C495DD-D301-48D5-9BF9-393B59D71B10}"
EndProject
Project("{FAE04EC0-301F-11D3-BF4B-00C04F79EFBC}") = "POLAR.DIOADAM6052", "POLAR.DIOADAM6052\POLAR.DIOADAM6052.csproj", "{34A15EEE-3876-46A3-8A84-1597106BB60E}"
EndProject
Project("{FAE04EC0-301F-11D3-BF4B-00C04F79EFBC}") = "POLAR.IAIMotionControl", "POLAR.IAIMotionControl\POLAR.IAIMotionControl.csproj", "{2DA75453-F3FE-4AFD-92A9-1C7746E6A76B}"
EndProject
Project("{FAE04EC0-301F-11D3-BF4B-00C04F79EFBC}") = "FSSCommon", "Common\FSSCommon.csproj", "{0DBD2721-5A48-4929-93B1-317AF95DD5BA}"
EndProject
Global
	GlobalSection(SolutionConfigurationPlatforms) = preSolution
		Debug|Any CPU = Debug|Any CPU
		Debug|ARM = Debug|ARM
		Debug|ARM64 = Debug|ARM64
		Debug|x64 = Debug|x64
		Debug|x86 = Debug|x86
		Release|Any CPU = Release|Any CPU
		Release|ARM = Release|ARM
		Release|ARM64 = Release|ARM64
		Release|x64 = Release|x64
		Release|x86 = Release|x86
	EndGlobalSection
	GlobalSection(ProjectConfigurationPlatforms) = postSolution
		{7095D683-A5CC-453B-8E99-59A8D35CC06B}.Debug|Any CPU.ActiveCfg = Debug|Any CPU
		{7095D683-A5CC-453B-8E99-59A8D35CC06B}.Debug|Any CPU.Build.0 = Debug|Any CPU
		{7095D683-A5CC-453B-8E99-59A8D35CC06B}.Debug|ARM.ActiveCfg = Debug|Any CPU
		{7095D683-A5CC-453B-8E99-59A8D35CC06B}.Debug|ARM.Build.0 = Debug|Any CPU
		{7095D683-A5CC-453B-8E99-59A8D35CC06B}.Debug|ARM64.ActiveCfg = Debug|Any CPU
		{7095D683-A5CC-453B-8E99-59A8D35CC06B}.Debug|ARM64.Build.0 = Debug|Any CPU
		{7095D683-A5CC-453B-8E99-59A8D35CC06B}.Debug|x64.ActiveCfg = Debug|x64
		{7095D683-A5CC-453B-8E99-59A8D35CC06B}.Debug|x64.Build.0 = Debug|x64
		{7095D683-A5CC-453B-8E99-59A8D35CC06B}.Debug|x86.ActiveCfg = Debug|Any CPU
		{7095D683-A5CC-453B-8E99-59A8D35CC06B}.Debug|x86.Build.0 = Debug|Any CPU
		{7095D683-A5CC-453B-8E99-59A8D35CC06B}.Release|Any CPU.ActiveCfg = Release|Any CPU
		{7095D683-A5CC-453B-8E99-59A8D35CC06B}.Release|Any CPU.Build.0 = Release|Any CPU
		{7095D683-A5CC-453B-8E99-59A8D35CC06B}.Release|ARM.ActiveCfg = Release|Any CPU
		{7095D683-A5CC-453B-8E99-59A8D35CC06B}.Release|ARM.Build.0 = Release|Any CPU
		{7095D683-A5CC-453B-8E99-59A8D35CC06B}.Release|ARM64.ActiveCfg = Release|Any CPU
		{7095D683-A5CC-453B-8E99-59A8D35CC06B}.Release|ARM64.Build.0 = Release|Any CPU
		{7095D683-A5CC-453B-8E99-59A8D35CC06B}.Release|x64.ActiveCfg = Release|x64
		{7095D683-A5CC-453B-8E99-59A8D35CC06B}.Release|x64.Build.0 = Release|x64
		{7095D683-A5CC-453B-8E99-59A8D35CC06B}.Release|x86.ActiveCfg = Release|Any CPU
		{7095D683-A5CC-453B-8E99-59A8D35CC06B}.Release|x86.Build.0 = Release|Any CPU
		{64BF8667-0E66-4FA8-A705-1D67FAEFBA85}.Debug|Any CPU.ActiveCfg = Debug|Any CPU
		{64BF8667-0E66-4FA8-A705-1D67FAEFBA85}.Debug|Any CPU.Build.0 = Debug|Any CPU
		{64BF8667-0E66-4FA8-A705-1D67FAEFBA85}.Debug|ARM.ActiveCfg = Debug|Any CPU
		{64BF8667-0E66-4FA8-A705-1D67FAEFBA85}.Debug|ARM.Build.0 = Debug|Any CPU
		{64BF8667-0E66-4FA8-A705-1D67FAEFBA85}.Debug|ARM64.ActiveCfg = Debug|Any CPU
		{64BF8667-0E66-4FA8-A705-1D67FAEFBA85}.Debug|ARM64.Build.0 = Debug|Any CPU
		{64BF8667-0E66-4FA8-A705-1D67FAEFBA85}.Debug|x64.ActiveCfg = Debug|x64
		{64BF8667-0E66-4FA8-A705-1D67FAEFBA85}.Debug|x64.Build.0 = Debug|x64
		{64BF8667-0E66-4FA8-A705-1D67FAEFBA85}.Debug|x86.ActiveCfg = Debug|Any CPU
		{64BF8667-0E66-4FA8-A705-1D67FAEFBA85}.Debug|x86.Build.0 = Debug|Any CPU
		{64BF8667-0E66-4FA8-A705-1D67FAEFBA85}.Release|Any CPU.ActiveCfg = Release|Any CPU
		{64BF8667-0E66-4FA8-A705-1D67FAEFBA85}.Release|Any CPU.Build.0 = Release|Any CPU
		{64BF8667-0E66-4FA8-A705-1D67FAEFBA85}.Release|ARM.ActiveCfg = Release|Any CPU
		{64BF8667-0E66-4FA8-A705-1D67FAEFBA85}.Release|ARM.Build.0 = Release|Any CPU
		{64BF8667-0E66-4FA8-A705-1D67FAEFBA85}.Release|ARM64.ActiveCfg = Release|Any CPU
		{64BF8667-0E66-4FA8-A705-1D67FAEFBA85}.Release|ARM64.Build.0 = Release|Any CPU
		{64BF8667-0E66-4FA8-A705-1D67FAEFBA85}.Release|x64.ActiveCfg = Release|x64
		{64BF8667-0E66-4FA8-A705-1D67FAEFBA85}.Release|x64.Build.0 = Release|x64
		{64BF8667-0E66-4FA8-A705-1D67FAEFBA85}.Release|x86.ActiveCfg = Release|Any CPU
		{64BF8667-0E66-4FA8-A705-1D67FAEFBA85}.Release|x86.Build.0 = Release|Any CPU
		{4DA62AF1-9DF0-4863-982C-7D1646B3C33B}.Debug|Any CPU.ActiveCfg = Debug|Any CPU
		{4DA62AF1-9DF0-4863-982C-7D1646B3C33B}.Debug|Any CPU.Build.0 = Debug|Any CPU
		{4DA62AF1-9DF0-4863-982C-7D1646B3C33B}.Debug|ARM.ActiveCfg = Debug|Any CPU
		{4DA62AF1-9DF0-4863-982C-7D1646B3C33B}.Debug|ARM.Build.0 = Debug|Any CPU
		{4DA62AF1-9DF0-4863-982C-7D1646B3C33B}.Debug|ARM64.ActiveCfg = Debug|Any CPU
		{4DA62AF1-9DF0-4863-982C-7D1646B3C33B}.Debug|ARM64.Build.0 = Debug|Any CPU
		{4DA62AF1-9DF0-4863-982C-7D1646B3C33B}.Debug|x64.ActiveCfg = Debug|x64
		{4DA62AF1-9DF0-4863-982C-7D1646B3C33B}.Debug|x64.Build.0 = Debug|x64
		{4DA62AF1-9DF0-4863-982C-7D1646B3C33B}.Debug|x86.ActiveCfg = Debug|Any CPU
		{4DA62AF1-9DF0-4863-982C-7D1646B3C33B}.Debug|x86.Build.0 = Debug|Any CPU
		{4DA62AF1-9DF0-4863-982C-7D1646B3C33B}.Release|Any CPU.ActiveCfg = Release|Any CPU
		{4DA62AF1-9DF0-4863-982C-7D1646B3C33B}.Release|Any CPU.Build.0 = Release|Any CPU
		{4DA62AF1-9DF0-4863-982C-7D1646B3C33B}.Release|ARM.ActiveCfg = Release|Any CPU
		{4DA62AF1-9DF0-4863-982C-7D1646B3C33B}.Release|ARM.Build.0 = Release|Any CPU
		{4DA62AF1-9DF0-4863-982C-7D1646B3C33B}.Release|ARM64.ActiveCfg = Release|Any CPU
		{4DA62AF1-9DF0-4863-982C-7D1646B3C33B}.Release|ARM64.Build.0 = Release|Any CPU
		{4DA62AF1-9DF0-4863-982C-7D1646B3C33B}.Release|x64.ActiveCfg = Release|x64
		{4DA62AF1-9DF0-4863-982C-7D1646B3C33B}.Release|x64.Build.0 = Release|x64
		{4DA62AF1-9DF0-4863-982C-7D1646B3C33B}.Release|x86.ActiveCfg = Release|Any CPU
		{4DA62AF1-9DF0-4863-982C-7D1646B3C33B}.Release|x86.Build.0 = Release|Any CPU
		{D64F2764-5FB7-4179-9DD6-D7BA5FE31706}.Debug|Any CPU.ActiveCfg = Debug|Any CPU
		{D64F2764-5FB7-4179-9DD6-D7BA5FE31706}.Debug|Any CPU.Build.0 = Debug|Any CPU
		{D64F2764-5FB7-4179-9DD6-D7BA5FE31706}.Debug|ARM.ActiveCfg = Debug|Any CPU
		{D64F2764-5FB7-4179-9DD6-D7BA5FE31706}.Debug|ARM.Build.0 = Debug|Any CPU
		{D64F2764-5FB7-4179-9DD6-D7BA5FE31706}.Debug|ARM64.ActiveCfg = Debug|Any CPU
		{D64F2764-5FB7-4179-9DD6-D7BA5FE31706}.Debug|ARM64.Build.0 = Debug|Any CPU
		{D64F2764-5FB7-4179-9DD6-D7BA5FE31706}.Debug|x64.ActiveCfg = Debug|x64
		{D64F2764-5FB7-4179-9DD6-D7BA5FE31706}.Debug|x64.Build.0 = Debug|x64
		{D64F2764-5FB7-4179-9DD6-D7BA5FE31706}.Debug|x86.ActiveCfg = Debug|Any CPU
		{D64F2764-5FB7-4179-9DD6-D7BA5FE31706}.Debug|x86.Build.0 = Debug|Any CPU
		{D64F2764-5FB7-4179-9DD6-D7BA5FE31706}.Release|Any CPU.ActiveCfg = Release|Any CPU
		{D64F2764-5FB7-4179-9DD6-D7BA5FE31706}.Release|Any CPU.Build.0 = Release|Any CPU
		{D64F2764-5FB7-4179-9DD6-D7BA5FE31706}.Release|ARM.ActiveCfg = Release|Any CPU
		{D64F2764-5FB7-4179-9DD6-D7BA5FE31706}.Release|ARM.Build.0 = Release|Any CPU
		{D64F2764-5FB7-4179-9DD6-D7BA5FE31706}.Release|ARM64.ActiveCfg = Release|Any CPU
		{D64F2764-5FB7-4179-9DD6-D7BA5FE31706}.Release|ARM64.Build.0 = Release|Any CPU
		{D64F2764-5FB7-4179-9DD6-D7BA5FE31706}.Release|x64.ActiveCfg = Release|Any CPU
		{D64F2764-5FB7-4179-9DD6-D7BA5FE31706}.Release|x64.Build.0 = Release|Any CPU
		{D64F2764-5FB7-4179-9DD6-D7BA5FE31706}.Release|x86.ActiveCfg = Release|Any CPU
		{D64F2764-5FB7-4179-9DD6-D7BA5FE31706}.Release|x86.Build.0 = Release|Any CPU
		{174AD0F6-D4C4-4D00-9816-6218A86AB5AD}.Debug|Any CPU.ActiveCfg = Debug|Any CPU
		{174AD0F6-D4C4-4D00-9816-6218A86AB5AD}.Debug|Any CPU.Build.0 = Debug|Any CPU
		{174AD0F6-D4C4-4D00-9816-6218A86AB5AD}.Debug|ARM.ActiveCfg = Debug|Any CPU
		{174AD0F6-D4C4-4D00-9816-6218A86AB5AD}.Debug|ARM.Build.0 = Debug|Any CPU
		{174AD0F6-D4C4-4D00-9816-6218A86AB5AD}.Debug|ARM64.ActiveCfg = Debug|Any CPU
		{174AD0F6-D4C4-4D00-9816-6218A86AB5AD}.Debug|ARM64.Build.0 = Debug|Any CPU
		{174AD0F6-D4C4-4D00-9816-6218A86AB5AD}.Debug|x64.ActiveCfg = Debug|Any CPU
		{174AD0F6-D4C4-4D00-9816-6218A86AB5AD}.Debug|x64.Build.0 = Debug|Any CPU
		{174AD0F6-D4C4-4D00-9816-6218A86AB5AD}.Debug|x86.ActiveCfg = Debug|Any CPU
		{174AD0F6-D4C4-4D00-9816-6218A86AB5AD}.Debug|x86.Build.0 = Debug|Any CPU
		{174AD0F6-D4C4-4D00-9816-6218A86AB5AD}.Release|Any CPU.ActiveCfg = Release|Any CPU
		{174AD0F6-D4C4-4D00-9816-6218A86AB5AD}.Release|Any CPU.Build.0 = Release|Any CPU
		{174AD0F6-D4C4-4D00-9816-6218A86AB5AD}.Release|ARM.ActiveCfg = Release|Any CPU
		{174AD0F6-D4C4-4D00-9816-6218A86AB5AD}.Release|ARM.Build.0 = Release|Any CPU
		{174AD0F6-D4C4-4D00-9816-6218A86AB5AD}.Release|ARM64.ActiveCfg = Release|Any CPU
		{174AD0F6-D4C4-4D00-9816-6218A86AB5AD}.Release|ARM64.Build.0 = Release|Any CPU
		{174AD0F6-D4C4-4D00-9816-6218A86AB5AD}.Release|x64.ActiveCfg = Release|Any CPU
		{174AD0F6-D4C4-4D00-9816-6218A86AB5AD}.Release|x64.Build.0 = Release|Any CPU
		{174AD0F6-D4C4-4D00-9816-6218A86AB5AD}.Release|x86.ActiveCfg = Release|Any CPU
		{174AD0F6-D4C4-4D00-9816-6218A86AB5AD}.Release|x86.Build.0 = Release|Any CPU
		{39328A91-E03B-4624-9617-4F9AF1F6B544}.Debug|Any CPU.ActiveCfg = Debug|Any CPU
		{39328A91-E03B-4624-9617-4F9AF1F6B544}.Debug|Any CPU.Build.0 = Debug|Any CPU
		{39328A91-E03B-4624-9617-4F9AF1F6B544}.Debug|ARM.ActiveCfg = Debug|Any CPU
		{39328A91-E03B-4624-9617-4F9AF1F6B544}.Debug|ARM.Build.0 = Debug|Any CPU
		{39328A91-E03B-4624-9617-4F9AF1F6B544}.Debug|ARM64.ActiveCfg = Debug|Any CPU
		{39328A91-E03B-4624-9617-4F9AF1F6B544}.Debug|ARM64.Build.0 = Debug|Any CPU
		{39328A91-E03B-4624-9617-4F9AF1F6B544}.Debug|x64.ActiveCfg = Debug|x64
		{39328A91-E03B-4624-9617-4F9AF1F6B544}.Debug|x64.Build.0 = Debug|x64
		{39328A91-E03B-4624-9617-4F9AF1F6B544}.Debug|x86.ActiveCfg = Debug|Any CPU
		{39328A91-E03B-4624-9617-4F9AF1F6B544}.Debug|x86.Build.0 = Debug|Any CPU
		{39328A91-E03B-4624-9617-4F9AF1F6B544}.Release|Any CPU.ActiveCfg = Release|Any CPU
		{39328A91-E03B-4624-9617-4F9AF1F6B544}.Release|Any CPU.Build.0 = Release|Any CPU
		{39328A91-E03B-4624-9617-4F9AF1F6B544}.Release|ARM.ActiveCfg = Release|Any CPU
		{39328A91-E03B-4624-9617-4F9AF1F6B544}.Release|ARM.Build.0 = Release|Any CPU
		{39328A91-E03B-4624-9617-4F9AF1F6B544}.Release|ARM64.ActiveCfg = Release|Any CPU
		{39328A91-E03B-4624-9617-4F9AF1F6B544}.Release|ARM64.Build.0 = Release|Any CPU
		{39328A91-E03B-4624-9617-4F9AF1F6B544}.Release|x64.ActiveCfg = Release|Any CPU
		{39328A91-E03B-4624-9617-4F9AF1F6B544}.Release|x64.Build.0 = Release|Any CPU
		{39328A91-E03B-4624-9617-4F9AF1F6B544}.Release|x86.ActiveCfg = Release|Any CPU
		{39328A91-E03B-4624-9617-4F9AF1F6B544}.Release|x86.Build.0 = Release|Any CPU
		{16C495DD-D301-48D5-9BF9-393B59D71B10}.Debug|Any CPU.ActiveCfg = Debug|Any CPU
		{16C495DD-D301-48D5-9BF9-393B59D71B10}.Debug|Any CPU.Build.0 = Debug|Any CPU
		{16C495DD-D301-48D5-9BF9-393B59D71B10}.Debug|ARM.ActiveCfg = Debug|Any CPU
		{16C495DD-D301-48D5-9BF9-393B59D71B10}.Debug|ARM.Build.0 = Debug|Any CPU
		{16C495DD-D301-48D5-9BF9-393B59D71B10}.Debug|ARM64.ActiveCfg = Debug|Any CPU
		{16C495DD-D301-48D5-9BF9-393B59D71B10}.Debug|ARM64.Build.0 = Debug|Any CPU
		{16C495DD-D301-48D5-9BF9-393B59D71B10}.Debug|x64.ActiveCfg = Debug|x64
		{16C495DD-D301-48D5-9BF9-393B59D71B10}.Debug|x64.Build.0 = Debug|x64
		{16C495DD-D301-48D5-9BF9-393B59D71B10}.Debug|x86.ActiveCfg = Debug|Any CPU
		{16C495DD-D301-48D5-9BF9-393B59D71B10}.Debug|x86.Build.0 = Debug|Any CPU
		{16C495DD-D301-48D5-9BF9-393B59D71B10}.Release|Any CPU.ActiveCfg = Release|Any CPU
		{16C495DD-D301-48D5-9BF9-393B59D71B10}.Release|Any CPU.Build.0 = Release|Any CPU
		{16C495DD-D301-48D5-9BF9-393B59D71B10}.Release|ARM.ActiveCfg = Release|Any CPU
		{16C495DD-D301-48D5-9BF9-393B59D71B10}.Release|ARM.Build.0 = Release|Any CPU
		{16C495DD-D301-48D5-9BF9-393B59D71B10}.Release|ARM64.ActiveCfg = Release|Any CPU
		{16C495DD-D301-48D5-9BF9-393B59D71B10}.Release|ARM64.Build.0 = Release|Any CPU
		{16C495DD-D301-48D5-9BF9-393B59D71B10}.Release|x64.ActiveCfg = Release|Any CPU
		{16C495DD-D301-48D5-9BF9-393B59D71B10}.Release|x64.Build.0 = Release|Any CPU
		{16C495DD-D301-48D5-9BF9-393B59D71B10}.Release|x86.ActiveCfg = Release|Any CPU
		{16C495DD-D301-48D5-9BF9-393B59D71B10}.Release|x86.Build.0 = Release|Any CPU
		{34A15EEE-3876-46A3-8A84-1597106BB60E}.Debug|Any CPU.ActiveCfg = Debug|Any CPU
		{34A15EEE-3876-46A3-8A84-1597106BB60E}.Debug|Any CPU.Build.0 = Debug|Any CPU
		{34A15EEE-3876-46A3-8A84-1597106BB60E}.Debug|ARM.ActiveCfg = Debug|Any CPU
		{34A15EEE-3876-46A3-8A84-1597106BB60E}.Debug|ARM.Build.0 = Debug|Any CPU
		{34A15EEE-3876-46A3-8A84-1597106BB60E}.Debug|ARM64.ActiveCfg = Debug|Any CPU
		{34A15EEE-3876-46A3-8A84-1597106BB60E}.Debug|ARM64.Build.0 = Debug|Any CPU
		{34A15EEE-3876-46A3-8A84-1597106BB60E}.Debug|x64.ActiveCfg = Debug|Any CPU
		{34A15EEE-3876-46A3-8A84-1597106BB60E}.Debug|x64.Build.0 = Debug|Any CPU
		{34A15EEE-3876-46A3-8A84-1597106BB60E}.Debug|x86.ActiveCfg = Debug|Any CPU
		{34A15EEE-3876-46A3-8A84-1597106BB60E}.Debug|x86.Build.0 = Debug|Any CPU
		{34A15EEE-3876-46A3-8A84-1597106BB60E}.Release|Any CPU.ActiveCfg = Release|Any CPU
		{34A15EEE-3876-46A3-8A84-1597106BB60E}.Release|Any CPU.Build.0 = Release|Any CPU
		{34A15EEE-3876-46A3-8A84-1597106BB60E}.Release|ARM.ActiveCfg = Release|Any CPU
		{34A15EEE-3876-46A3-8A84-1597106BB60E}.Release|ARM.Build.0 = Release|Any CPU
		{34A15EEE-3876-46A3-8A84-1597106BB60E}.Release|ARM64.ActiveCfg = Release|Any CPU
		{34A15EEE-3876-46A3-8A84-1597106BB60E}.Release|ARM64.Build.0 = Release|Any CPU
		{34A15EEE-3876-46A3-8A84-1597106BB60E}.Release|x64.ActiveCfg = Release|Any CPU
		{34A15EEE-3876-46A3-8A84-1597106BB60E}.Release|x64.Build.0 = Release|Any CPU
		{34A15EEE-3876-46A3-8A84-1597106BB60E}.Release|x86.ActiveCfg = Release|Any CPU
		{34A15EEE-3876-46A3-8A84-1597106BB60E}.Release|x86.Build.0 = Release|Any CPU
		{2DA75453-F3FE-4AFD-92A9-1C7746E6A76B}.Debug|Any CPU.ActiveCfg = Debug|Any CPU
		{2DA75453-F3FE-4AFD-92A9-1C7746E6A76B}.Debug|Any CPU.Build.0 = Debug|Any CPU
		{2DA75453-F3FE-4AFD-92A9-1C7746E6A76B}.Debug|ARM.ActiveCfg = Debug|Any CPU
		{2DA75453-F3FE-4AFD-92A9-1C7746E6A76B}.Debug|ARM.Build.0 = Debug|Any CPU
		{2DA75453-F3FE-4AFD-92A9-1C7746E6A76B}.Debug|ARM64.ActiveCfg = Debug|Any CPU
		{2DA75453-F3FE-4AFD-92A9-1C7746E6A76B}.Debug|ARM64.Build.0 = Debug|Any CPU
		{2DA75453-F3FE-4AFD-92A9-1C7746E6A76B}.Debug|x64.ActiveCfg = Debug|Any CPU
		{2DA75453-F3FE-4AFD-92A9-1C7746E6A76B}.Debug|x64.Build.0 = Debug|Any CPU
		{2DA75453-F3FE-4AFD-92A9-1C7746E6A76B}.Debug|x86.ActiveCfg = Debug|Any CPU
		{2DA75453-F3FE-4AFD-92A9-1C7746E6A76B}.Debug|x86.Build.0 = Debug|Any CPU
		{2DA75453-F3FE-4AFD-92A9-1C7746E6A76B}.Release|Any CPU.ActiveCfg = Release|Any CPU
		{2DA75453-F3FE-4AFD-92A9-1C7746E6A76B}.Release|Any CPU.Build.0 = Release|Any CPU
		{2DA75453-F3FE-4AFD-92A9-1C7746E6A76B}.Release|ARM.ActiveCfg = Release|Any CPU
		{2DA75453-F3FE-4AFD-92A9-1C7746E6A76B}.Release|ARM.Build.0 = Release|Any CPU
		{2DA75453-F3FE-4AFD-92A9-1C7746E6A76B}.Release|ARM64.ActiveCfg = Release|Any CPU
		{2DA75453-F3FE-4AFD-92A9-1C7746E6A76B}.Release|ARM64.Build.0 = Release|Any CPU
		{2DA75453-F3FE-4AFD-92A9-1C7746E6A76B}.Release|x64.ActiveCfg = Release|Any CPU
		{2DA75453-F3FE-4AFD-92A9-1C7746E6A76B}.Release|x64.Build.0 = Release|Any CPU
		{2DA75453-F3FE-4AFD-92A9-1C7746E6A76B}.Release|x86.ActiveCfg = Release|Any CPU
		{2DA75453-F3FE-4AFD-92A9-1C7746E6A76B}.Release|x86.Build.0 = Release|Any CPU
		{0DBD2721-5A48-4929-93B1-317AF95DD5BA}.Debug|Any CPU.ActiveCfg = Debug|Any CPU
		{0DBD2721-5A48-4929-93B1-317AF95DD5BA}.Debug|Any CPU.Build.0 = Debug|Any CPU
		{0DBD2721-5A48-4929-93B1-317AF95DD5BA}.Debug|ARM.ActiveCfg = Debug|x64
		{0DBD2721-5A48-4929-93B1-317AF95DD5BA}.Debug|ARM.Build.0 = Debug|x64
		{0DBD2721-5A48-4929-93B1-317AF95DD5BA}.Debug|ARM64.ActiveCfg = Debug|x64
		{0DBD2721-5A48-4929-93B1-317AF95DD5BA}.Debug|ARM64.Build.0 = Debug|x64
		{0DBD2721-5A48-4929-93B1-317AF95DD5BA}.Debug|x64.ActiveCfg = Debug|x64
		{0DBD2721-5A48-4929-93B1-317AF95DD5BA}.Debug|x64.Build.0 = Debug|x64
		{0DBD2721-5A48-4929-93B1-317AF95DD5BA}.Debug|x86.ActiveCfg = Debug|x86
		{0DBD2721-5A48-4929-93B1-317AF95DD5BA}.Debug|x86.Build.0 = Debug|x86
		{0DBD2721-5A48-4929-93B1-317AF95DD5BA}.Release|Any CPU.ActiveCfg = Release|x64
		{0DBD2721-5A48-4929-93B1-317AF95DD5BA}.Release|Any CPU.Build.0 = Release|x64
		{0DBD2721-5A48-4929-93B1-317AF95DD5BA}.Release|ARM.ActiveCfg = Release|x64
		{0DBD2721-5A48-4929-93B1-317AF95DD5BA}.Release|ARM.Build.0 = Release|x64
		{0DBD2721-5A48-4929-93B1-317AF95DD5BA}.Release|ARM64.ActiveCfg = Release|x64
		{0DBD2721-5A48-4929-93B1-317AF95DD5BA}.Release|ARM64.Build.0 = Release|x64
		{0DBD2721-5A48-4929-93B1-317AF95DD5BA}.Release|x64.ActiveCfg = Release|x64
		{0DBD2721-5A48-4929-93B1-317AF95DD5BA}.Release|x64.Build.0 = Release|x64
		{0DBD2721-5A48-4929-93B1-317AF95DD5BA}.Release|x86.ActiveCfg = Release|x86
		{0DBD2721-5A48-4929-93B1-317AF95DD5BA}.Release|x86.Build.0 = Release|x86
	EndGlobalSection
	GlobalSection(SolutionProperties) = preSolution
		HideSolutionNode = FALSE
	EndGlobalSection
	GlobalSection(ExtensibilityGlobals) = postSolution
		SolutionGuid = {AEE18EC4-8CC3-4E09-ACCE-3FFEE67F07A4}
	EndGlobalSection
EndGlobal
